
Microsoft Visual Studio Solution File, Format Version 12.00
# Visual Studio Version 17
VisualStudioVersion = 17.11.35222.181
MinimumVisualStudioVersion = 10.0.40219.1
Project("{FAE04EC0-301F-11D3-BF4B-00C04F79EFBC}") = "ConsoleApp4", "ConsoleApp4\ConsoleApp4.csproj", "{884E4AA2-E4E6-4588-8A72-ECB57533725A}"
EndProject
Global
	GlobalSection(SolutionConfigurationPlatforms) = preSolution
		Debug|Any CPU = Debug|Any CPU
		Release|Any CPU = Release|Any CPU
	EndGlobalSection
	GlobalSection(ProjectConfigurationPlatforms) = postSolution
		{884E4AA2-E4E6-4588-8A72-ECB57533725A}.Debug|Any CPU.ActiveCfg = Debug|Any CPU
		{884E4AA2-E4E6-4588-8A72-ECB57533725A}.Debug|Any CPU.Build.0 = Debug|Any CPU
		{884E4AA2-E4E6-4588-8A72-ECB57533725A}.Release|Any CPU.ActiveCfg = Release|Any CPU
		{884E4AA2-E4E6-4588-8A72-ECB57533725A}.Release|Any CPU.Build.0 = Release|Any CPU
	EndGlobalSection
	GlobalSection(SolutionProperties) = preSolution
		HideSolutionNode = FALSE
	EndGlobalSection
	GlobalSection(ExtensibilityGlobals) = postSolution
		SolutionGuid = {7D5ED714-9A89-4CF4-96CC-11023FB8BE5B}
	EndGlobalSection
EndGlobal
